
Microsoft Visual Studio Solution File, Format Version 12.00
# Visual Studio Version 16
VisualStudioVersion = 16.0.29613.14
MinimumVisualStudioVersion = 10.0.40219.1
Project("{FAE04EC0-301F-11D3-BF4B-00C04F79EFBC}") = "SakrijMe", "SakrijMe\SakrijMe.csproj", "{B38E3F45-57DC-49B2-B865-1C1691E5F794}"
EndProject
Global
	GlobalSection(SolutionConfigurationPlatforms) = preSolution
		Debug|Any CPU = Debug|Any CPU
		Release|Any CPU = Release|Any CPU
	EndGlobalSection
	GlobalSection(ProjectConfigurationPlatforms) = postSolution
		{B38E3F45-57DC-49B2-B865-1C1691E5F794}.Debug|Any CPU.ActiveCfg = Debug|Any CPU
		{B38E3F45-57DC-49B2-B865-1C1691E5F794}.Debug|Any CPU.Build.0 = Debug|Any CPU
		{B38E3F45-57DC-49B2-B865-1C1691E5F794}.Release|Any CPU.ActiveCfg = Release|Any CPU
		{B38E3F45-57DC-49B2-B865-1C1691E5F794}.Release|Any CPU.Build.0 = Release|Any CPU
	EndGlobalSection
	GlobalSection(SolutionProperties) = preSolution
		HideSolutionNode = FALSE
	EndGlobalSection
	GlobalSection(ExtensibilityGlobals) = postSolution
		SolutionGuid = {4A20A627-8110-4B75-9BA0-5B2E846981AA}
	EndGlobalSection
EndGlobal
